schema: '2.0'
stages:
  train:
    cmd: python src/train.py
    deps:
    - path: data/Soil Moisture.xlsx
      hash: md5
      md5: 69a838a3f1130edd98638bc1f9a5034d
      size: 139084
    - path: src/train.py
      hash: md5
      md5: df3cb3363613ef895265d109efafb136
      size: 2387
    outs:
    - path: model/full_pipeline.pkl
      hash: md5
      md5: 2decd95ecb640aa587d69da31c6b2da7
      size: 195921
